
Microsoft Visual Studio Solution File, Format Version 12.00
# Visual Studio Version 16
VisualStudioVersion = 16.0.32901.82
MinimumVisualStudioVersion = 10.0.40219.1
Project("{FAE04EC0-301F-11D3-BF4B-00C04F79EFBC}") = "CSharp", "CSharp\CSharp.csproj", "{04CFA3DD-63B7-4212-A81C-64AB5CA17EAE}"
EndProject
Global
	GlobalSection(SolutionConfigurationPlatforms) = preSolution
		Debug|Any CPU = Debug|Any CPU
		Release|Any CPU = Release|Any CPU
	EndGlobalSection
	GlobalSection(ProjectConfigurationPlatforms) = postSolution
		{04CFA3DD-63B7-4212-A81C-64AB5CA17EAE}.Debug|Any CPU.ActiveCfg = Debug|Any CPU
		{04CFA3DD-63B7-4212-A81C-64AB5CA17EAE}.Debug|Any CPU.Build.0 = Debug|Any CPU
		{04CFA3DD-63B7-4212-A81C-64AB5CA17EAE}.Release|Any CPU.ActiveCfg = Release|Any CPU
		{04CFA3DD-63B7-4212-A81C-64AB5CA17EAE}.Release|Any CPU.Build.0 = Release|Any CPU
	EndGlobalSection
	GlobalSection(SolutionProperties) = preSolution
		HideSolutionNode = FALSE
	EndGlobalSection
	GlobalSection(ExtensibilityGlobals) = postSolution
		SolutionGuid = {F93F02E4-141B-4594-A135-8BFFCBB0F35E}
	EndGlobalSection
EndGlobal
